// !$*UTF8*$!
{
	archiveVersion = 1;
	classes = {
	};
	objectVersion = 56;
	objects = {

/* Begin PBXBuildFile section */
		8477A3B02C7C497800DA6080 /* SwiftHandlerDemoApp.swift in Sources */ = {isa = PBXBuildFile; fileRef = 8477A3AF2C7C497800DA6080 /* SwiftHandlerDemoApp.swift */; };
		8477A3B22C7C497800DA6080 /* ContentView.swift in Sources */ = {isa = PBXBuildFile; fileRef = 8477A3B12C7C497800DA6080 /* ContentView.swift */; };
		8477A3B42C7C497800DA6080 /* Item.swift in Sources */ = {isa = PBXBuildFile; fileRef = 8477A3B32C7C497800DA6080 /* Item.swift */; };
		8477A3B62C7C497A00DA6080 /* Assets.xcassets in Resources */ = {isa = PBXBuildFile; fileRef = 8477A3B52C7C497A00DA6080 /* Assets.xcassets */; };
		8477A3BA2C7C497A00DA6080 /* Preview Assets.xcassets in Resources */ = {isa = PBXBuildFile; fileRef = 8477A3B92C7C497A00DA6080 /* Preview Assets.xcassets */; };
		8477A3C42C7C497A00DA6080 /* SwiftHandlerDemoTests.swift in Sources */ = {isa = PBXBuildFile; fileRef = 8477A3C32C7C497A00DA6080 /* SwiftHandlerDemoTests.swift */; };
		8477A3CE2C7C497A00DA6080 /* SwiftHandlerDemoUITests.swift in Sources */ = {isa = PBXBuildFile; fileRef = 8477A3CD2C7C497A00DA6080 /* SwiftHandlerDemoUITests.swift */; };
		8477A3D02C7C497A00DA6080 /* SwiftHandlerDemoUITestsLaunchTests.swift in Sources */ = {isa = PBXBuildFile; fileRef = 8477A3CF2C7C497A00DA6080 /* SwiftHandlerDemoUITestsLaunchTests.swift */; };
		8477A3E22C7C4A2400DA6080 /* TestContentView.swift in Sources */ = {isa = PBXBuildFile; fileRef = 8477A3E12C7C4A2400DA6080 /* TestContentView.swift */; };
		8477A3ED2C7C5CBE00DA6080 /* FileContentView.swift in Sources */ = {isa = PBXBuildFile; fileRef = 8477A3EC2C7C5CBE00DA6080 /* FileContentView.swift */; };
		8477A3F02C7C5D2600DA6080 /* LanguageManager2.swift in Sources */ = {isa = PBXBuildFile; fileRef = 8477A3EF2C7C5D2600DA6080 /* LanguageManager2.swift */; };
		8477A3F22C7C605100DA6080 /* PDFKitView.swift in Sources */ = {isa = PBXBuildFile; fileRef = 8477A3F12C7C605100DA6080 /* PDFKitView.swift */; };
		8477A3F42C7C606800DA6080 /* PDFKitRepresentedView.swift in Sources */ = {isa = PBXBuildFile; fileRef = 8477A3F32C7C606800DA6080 /* PDFKitRepresentedView.swift */; };
		8477A3F62C7C60E700DA6080 /* TextManager.swift in Sources */ = {isa = PBXBuildFile; fileRef = 8477A3F52C7C60E700DA6080 /* TextManager.swift */; };
		8477A3FF2C7C677100DA6080 /* WebViewFile.swift in Sources */ = {isa = PBXBuildFile; fileRef = 8477A3FE2C7C677100DA6080 /* WebViewFile.swift */; };
		84D3DB4B2C7D6CD500EA1BE2 /* LanguageManager.swift in Sources */ = {isa = PBXBuildFile; fileRef = 84D3DB2F2C7D6CD500EA1BE2 /* LanguageManager.swift */; };
		84D3DB4C2C7D6CD500EA1BE2 /* LocalizableMapper.swift in Sources */ = {isa = PBXBuildFile; fileRef = 84D3DB302C7D6CD500EA1BE2 /* LocalizableMapper.swift */; };
		84D3DB4D2C7D6CD500EA1BE2 /* UniversalTextExtractor.swift in Sources */ = {isa = PBXBuildFile; fileRef = 84D3DB322C7D6CD500EA1BE2 /* UniversalTextExtractor.swift */; };
		84D3DB4E2C7D6CD500EA1BE2 /* Localizable.strings in Resources */ = {isa = PBXBuildFile; fileRef = 84D3DB352C7D6CD500EA1BE2 /* Localizable.strings */; };
		84D3DB4F2C7D6CD500EA1BE2 /* Localizable.strings in Resources */ = {isa = PBXBuildFile; fileRef = 84D3DB372C7D6CD500EA1BE2 /* Localizable.strings */; };
		84D3DB502C7D6CD500EA1BE2 /* Localizable.strings in Resources */ = {isa = PBXBuildFile; fileRef = 84D3DB392C7D6CD500EA1BE2 /* Localizable.strings */; };
		84D3DB512C7D6CD500EA1BE2 /* Localizable.strings in Resources */ = {isa = PBXBuildFile; fileRef = 84D3DB3B2C7D6CD500EA1BE2 /* Localizable.strings */; };
		84D3DB522C7D6CD500EA1BE2 /* Localizable.strings in Resources */ = {isa = PBXBuildFile; fileRef = 84D3DB3D2C7D6CD500EA1BE2 /* Localizable.strings */; };
		84D3DB532C7D6CD500EA1BE2 /* Localizable.strings in Resources */ = {isa = PBXBuildFile; fileRef = 84D3DB3F2C7D6CD500EA1BE2 /* Localizable.strings */; };
		84D3DB542C7D6CD500EA1BE2 /* Localizable.strings in Resources */ = {isa = PBXBuildFile; fileRef = 84D3DB412C7D6CD500EA1BE2 /* Localizable.strings */; };
		84D3DB552C7D6CD500EA1BE2 /* Localizable.strings in Resources */ = {isa = PBXBuildFile; fileRef = 84D3DB432C7D6CD500EA1BE2 /* Localizable.strings */; };
		84D3DB562C7D6CD500EA1BE2 /* DocxToPDFConverter.swift in Sources */ = {isa = PBXBuildFile; fileRef = 84D3DB452C7D6CD500EA1BE2 /* DocxToPDFConverter.swift */; };
		84D3DB572C7D6CD500EA1BE2 /* FileManagerHelper.swift in Sources */ = {isa = PBXBuildFile; fileRef = 84D3DB462C7D6CD500EA1BE2 /* FileManagerHelper.swift */; };
		84D3DB582C7D6CD500EA1BE2 /* String+extension.swift in Sources */ = {isa = PBXBuildFile; fileRef = 84D3DB472C7D6CD500EA1BE2 /* String+extension.swift */; };
		84D3DB592C7D6CD500EA1BE2 /* SwiftHandler.swift in Sources */ = {isa = PBXBuildFile; fileRef = 84D3DB482C7D6CD500EA1BE2 /* SwiftHandler.swift */; };
		84D3DB5A2C7D6CD500EA1BE2 /* UIView+extension.swift in Sources */ = {isa = PBXBuildFile; fileRef = 84D3DB492C7D6CD500EA1BE2 /* UIView+extension.swift */; };
		84D3DB5E2C7D73A500EA1BE2 /* LocalStrings.swift in Sources */ = {isa = PBXBuildFile; fileRef = 84D3DB5D2C7D73A500EA1BE2 /* LocalStrings.swift */; };
/* End PBXBuildFile section */

/* Begin PBXContainerItemProxy section */
		8477A3C02C7C497A00DA6080 /* PBXContainerItemProxy */ = {
			isa = PBXContainerItemProxy;
			containerPortal = 8477A3A42C7C497800DA6080 /* Project object */;
			proxyType = 1;
			remoteGlobalIDString = 8477A3AB2C7C497800DA6080;
			remoteInfo = SwiftHandlerDemo;
		};
		8477A3CA2C7C497A00DA6080 /* PBXContainerItemProxy */ = {
			isa = PBXContainerItemProxy;
			containerPortal = 8477A3A42C7C497800DA6080 /* Project object */;
			proxyType = 1;
			remoteGlobalIDString = 8477A3AB2C7C497800DA6080;
			remoteInfo = SwiftHandlerDemo;
		};
/* End PBXContainerItemProxy section */

/* Begin PBXFileReference section */
		8477A3AC2C7C497800DA6080 /* SwiftHandlerDemo.app */ = {isa = PBXFileReference; explicitFileType = wrapper.application; includeInIndex = 0; path = SwiftHandlerDemo.app; sourceTree = BUILT_PRODUCTS_DIR; };
		8477A3AF2C7C497800DA6080 /* SwiftHandlerDemoApp.swift */ = {isa = PBXFileReference; lastKnownFileType = sourcecode.swift; path = SwiftHandlerDemoApp.swift; sourceTree = "<group>"; };
		8477A3B12C7C497800DA6080 /* ContentView.swift */ = {isa = PBXFileReference; lastKnownFileType = sourcecode.swift; path = ContentView.swift; sourceTree = "<group>"; };
		8477A3B32C7C497800DA6080 /* Item.swift */ = {isa = PBXFileReference; lastKnownFileType = sourcecode.swift; path = Item.swift; sourceTree = "<group>"; };
		8477A3B52C7C497A00DA6080 /* Assets.xcassets */ = {isa = PBXFileReference; lastKnownFileType = folder.assetcatalog; path = Assets.xcassets; sourceTree = "<group>"; };
		8477A3B72C7C497A00DA6080 /* SwiftHandlerDemo.entitlements */ = {isa = PBXFileReference; lastKnownFileType = text.plist.entitlements; path = SwiftHandlerDemo.entitlements; sourceTree = "<group>"; };
		8477A3B92C7C497A00DA6080 /* Preview Assets.xcassets */ = {isa = PBXFileReference; lastKnownFileType = folder.assetcatalog; path = "Preview Assets.xcassets"; sourceTree = "<group>"; };
		8477A3BF2C7C497A00DA6080 /* SwiftHandlerDemoTests.xctest */ = {isa = PBXFileReference; explicitFileType = wrapper.cfbundle; includeInIndex = 0; path = SwiftHandlerDemoTests.xctest; sourceTree = BUILT_PRODUCTS_DIR; };
		8477A3C32C7C497A00DA6080 /* SwiftHandlerDemoTests.swift */ = {isa = PBXFileReference; lastKnownFileType = sourcecode.swift; path = SwiftHandlerDemoTests.swift; sourceTree = "<group>"; };
		8477A3C92C7C497A00DA6080 /* SwiftHandlerDemoUITests.xctest */ = {isa = PBXFileReference; explicitFileType = wrapper.cfbundle; includeInIndex = 0; path = SwiftHandlerDemoUITests.xctest; sourceTree = BUILT_PRODUCTS_DIR; };
		8477A3CD2C7C497A00DA6080 /* SwiftHandlerDemoUITests.swift */ = {isa = PBXFileReference; lastKnownFileType = sourcecode.swift; path = SwiftHandlerDemoUITests.swift; sourceTree = "<group>"; };
		8477A3CF2C7C497A00DA6080 /* SwiftHandlerDemoUITestsLaunchTests.swift */ = {isa = PBXFileReference; lastKnownFileType = sourcecode.swift; path = SwiftHandlerDemoUITestsLaunchTests.swift; sourceTree = "<group>"; };
		8477A3E12C7C4A2400DA6080 /* TestContentView.swift */ = {isa = PBXFileReference; lastKnownFileType = sourcecode.swift; path = TestContentView.swift; sourceTree = "<group>"; };
		8477A3EC2C7C5CBE00DA6080 /* FileContentView.swift */ = {isa = PBXFileReference; lastKnownFileType = sourcecode.swift; path = FileContentView.swift; sourceTree = "<group>"; };
		8477A3EF2C7C5D2600DA6080 /* LanguageManager2.swift */ = {isa = PBXFileReference; lastKnownFileType = sourcecode.swift; path = LanguageManager2.swift; sourceTree = "<group>"; };
		8477A3F12C7C605100DA6080 /* PDFKitView.swift */ = {isa = PBXFileReference; lastKnownFileType = sourcecode.swift; path = PDFKitView.swift; sourceTree = "<group>"; };
		8477A3F32C7C606800DA6080 /* PDFKitRepresentedView.swift */ = {isa = PBXFileReference; lastKnownFileType = sourcecode.swift; path = PDFKitRepresentedView.swift; sourceTree = "<group>"; };
		8477A3F52C7C60E700DA6080 /* TextManager.swift */ = {isa = PBXFileReference; lastKnownFileType = sourcecode.swift; path = TextManager.swift; sourceTree = "<group>"; };
		8477A3FE2C7C677100DA6080 /* WebViewFile.swift */ = {isa = PBXFileReference; lastKnownFileType = sourcecode.swift; path = WebViewFile.swift; sourceTree = "<group>"; };
		84D3DB2F2C7D6CD500EA1BE2 /* LanguageManager.swift */ = {isa = PBXFileReference; fileEncoding = 4; lastKnownFileType = sourcecode.swift; path = LanguageManager.swift; sourceTree = "<group>"; };
		84D3DB302C7D6CD500EA1BE2 /* LocalizableMapper.swift */ = {isa = PBXFileReference; fileEncoding = 4; lastKnownFileType = sourcecode.swift; path = LocalizableMapper.swift; sourceTree = "<group>"; };
		84D3DB322C7D6CD500EA1BE2 /* UniversalTextExtractor.swift */ = {isa = PBXFileReference; fileEncoding = 4; lastKnownFileType = sourcecode.swift; path = UniversalTextExtractor.swift; sourceTree = "<group>"; };
		84D3DB342C7D6CD500EA1BE2 /* de */ = {isa = PBXFileReference; lastKnownFileType = text.plist.strings; name = de; path = de.lproj/Localizable.strings; sourceTree = "<group>"; };
		84D3DB362C7D6CD500EA1BE2 /* zh-Hans */ = {isa = PBXFileReference; lastKnownFileType = text.plist.strings; name = "zh-Hans"; path = "zh-Hans.lproj/Localizable.strings"; sourceTree = "<group>"; };
		84D3DB382C7D6CD500EA1BE2 /* ja */ = {isa = PBXFileReference; lastKnownFileType = text.plist.strings; name = ja; path = ja.lproj/Localizable.strings; sourceTree = "<group>"; };
		84D3DB3A2C7D6CD500EA1BE2 /* en */ = {isa = PBXFileReference; lastKnownFileType = text.plist.strings; name = en; path = en.lproj/Localizable.strings; sourceTree = "<group>"; };
		84D3DB3C2C7D6CD500EA1BE2 /* ko */ = {isa = PBXFileReference; lastKnownFileType = text.plist.strings; name = ko; path = ko.lproj/Localizable.strings; sourceTree = "<group>"; };
		84D3DB3E2C7D6CD500EA1BE2 /* zh-Hant */ = {isa = PBXFileReference; lastKnownFileType = text.plist.strings; name = "zh-Hant"; path = "zh-Hant.lproj/Localizable.strings"; sourceTree = "<group>"; };
		84D3DB402C7D6CD500EA1BE2 /* ru */ = {isa = PBXFileReference; lastKnownFileType = text.plist.strings; name = ru; path = ru.lproj/Localizable.strings; sourceTree = "<group>"; };
		84D3DB422C7D6CD500EA1BE2 /* fr */ = {isa = PBXFileReference; lastKnownFileType = text.plist.strings; name = fr; path = fr.lproj/Localizable.strings; sourceTree = "<group>"; };
		84D3DB452C7D6CD500EA1BE2 /* DocxToPDFConverter.swift */ = {isa = PBXFileReference; fileEncoding = 4; lastKnownFileType = sourcecode.swift; path = DocxToPDFConverter.swift; sourceTree = "<group>"; };
		84D3DB462C7D6CD500EA1BE2 /* FileManagerHelper.swift */ = {isa = PBXFileReference; fileEncoding = 4; lastKnownFileType = sourcecode.swift; path = FileManagerHelper.swift; sourceTree = "<group>"; };
		84D3DB472C7D6CD500EA1BE2 /* String+extension.swift */ = {isa = PBXFileReference; fileEncoding = 4; lastKnownFileType = sourcecode.swift; path = "String+extension.swift"; sourceTree = "<group>"; };
		84D3DB482C7D6CD500EA1BE2 /* SwiftHandler.swift */ = {isa = PBXFileReference; fileEncoding = 4; lastKnownFileType = sourcecode.swift; path = SwiftHandler.swift; sourceTree = "<group>"; };
		84D3DB492C7D6CD500EA1BE2 /* UIView+extension.swift */ = {isa = PBXFileReference; fileEncoding = 4; lastKnownFileType = sourcecode.swift; path = "UIView+extension.swift"; sourceTree = "<group>"; };
		84D3DB5D2C7D73A500EA1BE2 /* LocalStrings.swift */ = {isa = PBXFileReference; lastKnownFileType = sourcecode.swift; path = LocalStrings.swift; sourceTree = "<group>"; };
/* End PBXFileReference section */

/* Begin PBXFrameworksBuildPhase section */
		8477A3A92C7C497800DA6080 /* Frameworks */ = {
			isa = PBXFrameworksBuildPhase;
			buildActionMask = 2147483647;
			files = (
			);
			runOnlyForDeploymentPostprocessing = 0;
		};
		8477A3BC2C7C497A00DA6080 /* Frameworks */ = {
			isa = PBXFrameworksBuildPhase;
			buildActionMask = 2147483647;
			files = (
			);
			runOnlyForDeploymentPostprocessing = 0;
		};
		8477A3C62C7C497A00DA6080 /* Frameworks */ = {
			isa = PBXFrameworksBuildPhase;
			buildActionMask = 2147483647;
			files = (
			);
			runOnlyForDeploymentPostprocessing = 0;
		};
/* End PBXFrameworksBuildPhase section */

/* Begin PBXGroup section */
		8477A3A32C7C497800DA6080 = {
			isa = PBXGroup;
			children = (
				8477A3AE2C7C497800DA6080 /* SwiftHandlerDemo */,
				8477A3C22C7C497A00DA6080 /* SwiftHandlerDemoTests */,
				8477A3CC2C7C497A00DA6080 /* SwiftHandlerDemoUITests */,
				8477A3AD2C7C497800DA6080 /* Products */,
			);
			sourceTree = "<group>";
		};
		8477A3AD2C7C497800DA6080 /* Products */ = {
			isa = PBXGroup;
			children = (
				8477A3AC2C7C497800DA6080 /* SwiftHandlerDemo.app */,
				8477A3BF2C7C497A00DA6080 /* SwiftHandlerDemoTests.xctest */,
				8477A3C92C7C497A00DA6080 /* SwiftHandlerDemoUITests.xctest */,
			);
			name = Products;
			sourceTree = "<group>";
		};
		8477A3AE2C7C497800DA6080 /* SwiftHandlerDemo */ = {
			isa = PBXGroup;
			children = (
				8477A3AF2C7C497800DA6080 /* SwiftHandlerDemoApp.swift */,
				8477A3B12C7C497800DA6080 /* ContentView.swift */,
				8477A3E12C7C4A2400DA6080 /* TestContentView.swift */,
				8477A3B32C7C497800DA6080 /* Item.swift */,
				84D3DB4A2C7D6CD500EA1BE2 /* SwiftHandler */,
				8477A3EA2C7C5C9900DA6080 /* src */,
				8477A3B52C7C497A00DA6080 /* Assets.xcassets */,
				8477A3B72C7C497A00DA6080 /* SwiftHandlerDemo.entitlements */,
				8477A3B82C7C497A00DA6080 /* Preview Content */,
			);
			path = SwiftHandlerDemo;
			sourceTree = "<group>";
		};
		8477A3B82C7C497A00DA6080 /* Preview Content */ = {
			isa = PBXGroup;
			children = (
				8477A3B92C7C497A00DA6080 /* Preview Assets.xcassets */,
			);
			path = "Preview Content";
			sourceTree = "<group>";
		};
		8477A3C22C7C497A00DA6080 /* SwiftHandlerDemoTests */ = {
			isa = PBXGroup;
			children = (
				8477A3C32C7C497A00DA6080 /* SwiftHandlerDemoTests.swift */,
			);
			path = SwiftHandlerDemoTests;
			sourceTree = "<group>";
		};
		8477A3CC2C7C497A00DA6080 /* SwiftHandlerDemoUITests */ = {
			isa = PBXGroup;
			children = (
				8477A3CD2C7C497A00DA6080 /* SwiftHandlerDemoUITests.swift */,
				8477A3CF2C7C497A00DA6080 /* SwiftHandlerDemoUITestsLaunchTests.swift */,
			);
			path = SwiftHandlerDemoUITests;
			sourceTree = "<group>";
		};
		8477A3EA2C7C5C9900DA6080 /* src */ = {
			isa = PBXGroup;
			children = (
				8477A3EE2C7C5CFE00DA6080 /* common */,
				8477A3EB2C7C5CAB00DA6080 /* WordToPdf */,
			);
			path = src;
			sourceTree = "<group>";
		};
		8477A3EB2C7C5CAB00DA6080 /* WordToPdf */ = {
			isa = PBXGroup;
			children = (
				8477A3EC2C7C5CBE00DA6080 /* FileContentView.swift */,
				8477A3F12C7C605100DA6080 /* PDFKitView.swift */,
				8477A3F32C7C606800DA6080 /* PDFKitRepresentedView.swift */,
				8477A3FE2C7C677100DA6080 /* WebViewFile.swift */,
			);
			path = WordToPdf;
			sourceTree = "<group>";
		};
		8477A3EE2C7C5CFE00DA6080 /* common */ = {
			isa = PBXGroup;
			children = (
				8477A3EF2C7C5D2600DA6080 /* LanguageManager2.swift */,
				8477A3F52C7C60E700DA6080 /* TextManager.swift */,
			);
			path = common;
			sourceTree = "<group>";
		};
		84D3DB312C7D6CD500EA1BE2 /* Localizable */ = {
			isa = PBXGroup;
			children = (
				84D3DB2F2C7D6CD500EA1BE2 /* LanguageManager.swift */,
				84D3DB302C7D6CD500EA1BE2 /* LocalizableMapper.swift */,
				84D3DB5D2C7D73A500EA1BE2 /* LocalStrings.swift */,
			);
			path = Localizable;
			sourceTree = "<group>";
		};
		84D3DB332C7D6CD500EA1BE2 /* Mac */ = {
			isa = PBXGroup;
			children = (
				84D3DB322C7D6CD500EA1BE2 /* UniversalTextExtractor.swift */,
			);
			path = Mac;
			sourceTree = "<group>";
		};
		84D3DB442C7D6CD500EA1BE2 /* Resources */ = {
			isa = PBXGroup;
			children = (
				84D3DB352C7D6CD500EA1BE2 /* Localizable.strings */,
				84D3DB372C7D6CD500EA1BE2 /* Localizable.strings */,
				84D3DB392C7D6CD500EA1BE2 /* Localizable.strings */,
				84D3DB3B2C7D6CD500EA1BE2 /* Localizable.strings */,
				84D3DB3D2C7D6CD500EA1BE2 /* Localizable.strings */,
				84D3DB3F2C7D6CD500EA1BE2 /* Localizable.strings */,
				84D3DB412C7D6CD500EA1BE2 /* Localizable.strings */,
				84D3DB432C7D6CD500EA1BE2 /* Localizable.strings */,
			);
			path = Resources;
			sourceTree = "<group>";
		};
		84D3DB4A2C7D6CD500EA1BE2 /* SwiftHandler */ = {
			isa = PBXGroup;
			children = (
				84D3DB312C7D6CD500EA1BE2 /* Localizable */,
				84D3DB332C7D6CD500EA1BE2 /* Mac */,
				84D3DB442C7D6CD500EA1BE2 /* Resources */,
				84D3DB452C7D6CD500EA1BE2 /* DocxToPDFConverter.swift */,
				84D3DB462C7D6CD500EA1BE2 /* FileManagerHelper.swift */,
				84D3DB472C7D6CD500EA1BE2 /* String+extension.swift */,
				84D3DB482C7D6CD500EA1BE2 /* SwiftHandler.swift */,
				84D3DB492C7D6CD500EA1BE2 /* UIView+extension.swift */,
			);
			name = SwiftHandler;
			path = ../../Sources/SwiftHandler;
			sourceTree = "<group>";
		};
/* End PBXGroup section */

/* Begin PBXNativeTarget section */
		8477A3AB2C7C497800DA6080 /* SwiftHandlerDemo */ = {
			isa = PBXNativeTarget;
			buildConfigurationList = 8477A3D32C7C497A00DA6080 /* Build configuration list for PBXNativeTarget "SwiftHandlerDemo" */;
			buildPhases = (
				8477A3A82C7C497800DA6080 /* Sources */,
				8477A3A92C7C497800DA6080 /* Frameworks */,
				8477A3AA2C7C497800DA6080 /* Resources */,
			);
			buildRules = (
			);
			dependencies = (
			);
			name = SwiftHandlerDemo;
			productName = SwiftHandlerDemo;
			productReference = 8477A3AC2C7C497800DA6080 /* SwiftHandlerDemo.app */;
			productType = "com.apple.product-type.application";
		};
		8477A3BE2C7C497A00DA6080 /* SwiftHandlerDemoTests */ = {
			isa = PBXNativeTarget;
			buildConfigurationList = 8477A3D62C7C497A00DA6080 /* Build configuration list for PBXNativeTarget "SwiftHandlerDemoTests" */;
			buildPhases = (
				8477A3BB2C7C497A00DA6080 /* Sources */,
				8477A3BC2C7C497A00DA6080 /* Frameworks */,
				8477A3BD2C7C497A00DA6080 /* Resources */,
			);
			buildRules = (
			);
			dependencies = (
				8477A3C12C7C497A00DA6080 /* PBXTargetDependency */,
			);
			name = SwiftHandlerDemoTests;
			productName = SwiftHandlerDemoTests;
			productReference = 8477A3BF2C7C497A00DA6080 /* SwiftHandlerDemoTests.xctest */;
			productType = "com.apple.product-type.bundle.unit-test";
		};
		8477A3C82C7C497A00DA6080 /* SwiftHandlerDemoUITests */ = {
			isa = PBXNativeTarget;
			buildConfigurationList = 8477A3D92C7C497A00DA6080 /* Build configuration list for PBXNativeTarget "SwiftHandlerDemoUITests" */;
			buildPhases = (
				8477A3C52C7C497A00DA6080 /* Sources */,
				8477A3C62C7C497A00DA6080 /* Frameworks */,
				8477A3C72C7C497A00DA6080 /* Resources */,
			);
			buildRules = (
			);
			dependencies = (
				8477A3CB2C7C497A00DA6080 /* PBXTargetDependency */,
			);
			name = SwiftHandlerDemoUITests;
			productName = SwiftHandlerDemoUITests;
			productReference = 8477A3C92C7C497A00DA6080 /* SwiftHandlerDemoUITests.xctest */;
			productType = "com.apple.product-type.bundle.ui-testing";
		};
/* End PBXNativeTarget section */

/* Begin PBXProject section */
		8477A3A42C7C497800DA6080 /* Project object */ = {
			isa = PBXProject;
			attributes = {
				BuildIndependentTargetsInParallel = 1;
				LastSwiftUpdateCheck = 1540;
				LastUpgradeCheck = 1540;
				TargetAttributes = {
					8477A3AB2C7C497800DA6080 = {
						CreatedOnToolsVersion = 15.4;
					};
					8477A3BE2C7C497A00DA6080 = {
						CreatedOnToolsVersion = 15.4;
						TestTargetID = 8477A3AB2C7C497800DA6080;
					};
					8477A3C82C7C497A00DA6080 = {
						CreatedOnToolsVersion = 15.4;
						TestTargetID = 8477A3AB2C7C497800DA6080;
					};
				};
			};
			buildConfigurationList = 8477A3A72C7C497800DA6080 /* Build configuration list for PBXProject "SwiftHandlerDemo" */;
			compatibilityVersion = "Xcode 14.0";
			developmentRegion = en;
			hasScannedForEncodings = 0;
			knownRegions = (
				en,
				Base,
				"zh-Hans",
				"zh-Hant",
				fr,
				de,
				ja,
				ko,
				ru,
			);
			mainGroup = 8477A3A32C7C497800DA6080;
			productRefGroup = 8477A3AD2C7C497800DA6080 /* Products */;
			projectDirPath = "";
			projectRoot = "";
			targets = (
				8477A3AB2C7C497800DA6080 /* SwiftHandlerDemo */,
				8477A3BE2C7C497A00DA6080 /* SwiftHandlerDemoTests */,
				8477A3C82C7C497A00DA6080 /* SwiftHandlerDemoUITests */,
			);
		};
/* End PBXProject section */

/* Begin PBXResourcesBuildPhase section */
		8477A3AA2C7C497800DA6080 /* Resources */ = {
			isa = PBXResourcesBuildPhase;
			buildActionMask = 2147483647;
			files = (
				84D3DB502C7D6CD500EA1BE2 /* Localizable.strings in Resources */,
				84D3DB512C7D6CD500EA1BE2 /* Localizable.strings in Resources */,
				8477A3BA2C7C497A00DA6080 /* Preview Assets.xcassets in Resources */,
				84D3DB522C7D6CD500EA1BE2 /* Localizable.strings in Resources */,
				84D3DB542C7D6CD500EA1BE2 /* Localizable.strings in Resources */,
				84D3DB552C7D6CD500EA1BE2 /* Localizable.strings in Resources */,
				84D3DB4F2C7D6CD500EA1BE2 /* Localizable.strings in Resources */,
				84D3DB532C7D6CD500EA1BE2 /* Localizable.strings in Resources */,
				84D3DB4E2C7D6CD500EA1BE2 /* Localizable.strings in Resources */,
				8477A3B62C7C497A00DA6080 /* Assets.xcassets in Resources */,
			);
			runOnlyForDeploymentPostprocessing = 0;
		};
		8477A3BD2C7C497A00DA6080 /* Resources */ = {
			isa = PBXResourcesBuildPhase;
			buildActionMask = 2147483647;
			files = (
			);
			runOnlyForDeploymentPostprocessing = 0;
		};
		8477A3C72C7C497A00DA6080 /* Resources */ = {
			isa = PBXResourcesBuildPhase;
			buildActionMask = 2147483647;
			files = (
			);
			runOnlyForDeploymentPostprocessing = 0;
		};
/* End PBXResourcesBuildPhase section */

/* Begin PBXSourcesBuildPhase section */
		8477A3A82C7C497800DA6080 /* Sources */ = {
			isa = PBXSourcesBuildPhase;
			buildActionMask = 2147483647;
			files = (
				84D3DB582C7D6CD500EA1BE2 /* String+extension.swift in Sources */,
				84D3DB4D2C7D6CD500EA1BE2 /* UniversalTextExtractor.swift in Sources */,
				8477A3F62C7C60E700DA6080 /* TextManager.swift in Sources */,
				84D3DB562C7D6CD500EA1BE2 /* DocxToPDFConverter.swift in Sources */,
				8477A3B22C7C497800DA6080 /* ContentView.swift in Sources */,
				8477A3F22C7C605100DA6080 /* PDFKitView.swift in Sources */,
				84D3DB572C7D6CD500EA1BE2 /* FileManagerHelper.swift in Sources */,
				8477A3FF2C7C677100DA6080 /* WebViewFile.swift in Sources */,
				8477A3E22C7C4A2400DA6080 /* TestContentView.swift in Sources */,
				8477A3F42C7C606800DA6080 /* PDFKitRepresentedView.swift in Sources */,
				8477A3B42C7C497800DA6080 /* Item.swift in Sources */,
				84D3DB4B2C7D6CD500EA1BE2 /* LanguageManager.swift in Sources */,
				84D3DB5A2C7D6CD500EA1BE2 /* UIView+extension.swift in Sources */,
				8477A3B02C7C497800DA6080 /* SwiftHandlerDemoApp.swift in Sources */,
				84D3DB4C2C7D6CD500EA1BE2 /* LocalizableMapper.swift in Sources */,
				8477A3ED2C7C5CBE00DA6080 /* FileContentView.swift in Sources */,
				8477A3F02C7C5D2600DA6080 /* LanguageManager2.swift in Sources */,
				84D3DB5E2C7D73A500EA1BE2 /* LocalStrings.swift in Sources */,
				84D3DB592C7D6CD500EA1BE2 /* SwiftHandler.swift in Sources */,
			);
			runOnlyForDeploymentPostprocessing = 0;
		};
		8477A3BB2C7C497A00DA6080 /* Sources */ = {
			isa = PBXSourcesBuildPhase;
			buildActionMask = 2147483647;
			files = (
				8477A3C42C7C497A00DA6080 /* SwiftHandlerDemoTests.swift in Sources */,
			);
			runOnlyForDeploymentPostprocessing = 0;
		};
		8477A3C52C7C497A00DA6080 /* Sources */ = {
			isa = PBXSourcesBuildPhase;
			buildActionMask = 2147483647;
			files = (
				8477A3D02C7C497A00DA6080 /* SwiftHandlerDemoUITestsLaunchTests.swift in Sources */,
				8477A3CE2C7C497A00DA6080 /* SwiftHandlerDemoUITests.swift in Sources */,
			);
			runOnlyForDeploymentPostprocessing = 0;
		};
/* End PBXSourcesBuildPhase section */

/* Begin PBXTargetDependency section */
		8477A3C12C7C497A00DA6080 /* PBXTargetDependency */ = {
			isa = PBXTargetDependency;
			target = 8477A3AB2C7C497800DA6080 /* SwiftHandlerDemo */;
			targetProxy = 8477A3C02C7C497A00DA6080 /* PBXContainerItemProxy */;
		};
		8477A3CB2C7C497A00DA6080 /* PBXTargetDependency */ = {
			isa = PBXTargetDependency;
			target = 8477A3AB2C7C497800DA6080 /* SwiftHandlerDemo */;
			targetProxy = 8477A3CA2C7C497A00DA6080 /* PBXContainerItemProxy */;
		};
/* End PBXTargetDependency section */

/* Begin PBXVariantGroup section */
		84D3DB352C7D6CD500EA1BE2 /* Localizable.strings */ = {
			isa = PBXVariantGroup;
			children = (
				84D3DB342C7D6CD500EA1BE2 /* de */,
			);
			name = Localizable.strings;
			sourceTree = "<group>";
		};
		84D3DB372C7D6CD500EA1BE2 /* Localizable.strings */ = {
			isa = PBXVariantGroup;
			children = (
				84D3DB362C7D6CD500EA1BE2 /* zh-Hans */,
			);
			name = Localizable.strings;
			sourceTree = "<group>";
		};
		84D3DB392C7D6CD500EA1BE2 /* Localizable.strings */ = {
			isa = PBXVariantGroup;
			children = (
				84D3DB382C7D6CD500EA1BE2 /* ja */,
			);
			name = Localizable.strings;
			sourceTree = "<group>";
		};
		84D3DB3B2C7D6CD500EA1BE2 /* Localizable.strings */ = {
			isa = PBXVariantGroup;
			children = (
				84D3DB3A2C7D6CD500EA1BE2 /* en */,
			);
			name = Localizable.strings;
			sourceTree = "<group>";
		};
		84D3DB3D2C7D6CD500EA1BE2 /* Localizable.strings */ = {
			isa = PBXVariantGroup;
			children = (
				84D3DB3C2C7D6CD500EA1BE2 /* ko */,
			);
			name = Localizable.strings;
			sourceTree = "<group>";
		};
		84D3DB3F2C7D6CD500EA1BE2 /* Localizable.strings */ = {
			isa = PBXVariantGroup;
			children = (
				84D3DB3E2C7D6CD500EA1BE2 /* zh-Hant */,
			);
			name = Localizable.strings;
			sourceTree = "<group>";
		};
		84D3DB412C7D6CD500EA1BE2 /* Localizable.strings */ = {
			isa = PBXVariantGroup;
			children = (
				84D3DB402C7D6CD500EA1BE2 /* ru */,
			);
			name = Localizable.strings;
			sourceTree = "<group>";
		};
		84D3DB432C7D6CD500EA1BE2 /* Localizable.strings */ = {
			isa = PBXVariantGroup;
			children = (
				84D3DB422C7D6CD500EA1BE2 /* fr */,
			);
			name = Localizable.strings;
			sourceTree = "<group>";
		};
/* End PBXVariantGroup section */

/* Begin XCBuildConfiguration section */
		8477A3D12C7C497A00DA6080 /* Debug */ = {
			isa = XCBuildConfiguration;
			buildSettings = {
				ALWAYS_SEARCH_USER_PATHS = NO;
				ASSETCATALOG_COMPILER_GENERATE_SWIFT_ASSET_SYMBOL_EXTENSIONS = YES;
				CLANG_ANALYZER_LOCALIZABILITY_NONLOCALIZED = YES;
				CLANG_ANALYZER_NONNULL = YES;
				CLANG_ANALYZER_NUMBER_OBJECT_CONVERSION = YES_AGGRESSIVE;
				CLANG_CXX_LANGUAGE_STANDARD = "gnu++20";
				CLANG_ENABLE_MODULES = YES;
				CLANG_ENABLE_OBJC_ARC = YES;
				CLANG_ENABLE_OBJC_WEAK = YES;
				CLANG_WARN_BLOCK_CAPTURE_AUTORELEASING = YES;
				CLANG_WARN_BOOL_CONVERSION = YES;
				CLANG_WARN_COMMA = YES;
				CLANG_WARN_CONSTANT_CONVERSION = YES;
				CLANG_WARN_DEPRECATED_OBJC_IMPLEMENTATIONS = YES;
				CLANG_WARN_DIRECT_OBJC_ISA_USAGE = YES_ERROR;
				CLANG_WARN_DOCUMENTATION_COMMENTS = YES;
				CLANG_WARN_EMPTY_BODY = YES;
				CLANG_WARN_ENUM_CONVERSION = YES;
				CLANG_WARN_INFINITE_RECURSION = YES;
				CLANG_WARN_INT_CONVERSION = YES;
				CLANG_WARN_NON_LITERAL_NULL_CONVERSION = YES;
				CLANG_WARN_OBJC_IMPLICIT_RETAIN_SELF = YES;
				CLANG_WARN_OBJC_LITERAL_CONVERSION = YES;
				CLANG_WARN_OBJC_ROOT_CLASS = YES_ERROR;
				CLANG_WARN_QUOTED_INCLUDE_IN_FRAMEWORK_HEADER = YES;
				CLANG_WARN_RANGE_LOOP_ANALYSIS = YES;
				CLANG_WARN_STRICT_PROTOTYPES = YES;
				CLANG_WARN_SUSPICIOUS_MOVE = YES;
				CLANG_WARN_UNGUARDED_AVAILABILITY = YES_AGGRESSIVE;
				CLANG_WARN_UNREACHABLE_CODE = YES;
				CLANG_WARN__DUPLICATE_METHOD_MATCH = YES;
				COPY_PHASE_STRIP = NO;
				DEBUG_INFORMATION_FORMAT = dwarf;
				ENABLE_STRICT_OBJC_MSGSEND = YES;
				ENABLE_TESTABILITY = YES;
				ENABLE_USER_SCRIPT_SANDBOXING = YES;
				GCC_C_LANGUAGE_STANDARD = gnu17;
				GCC_DYNAMIC_NO_PIC = NO;
				GCC_NO_COMMON_BLOCKS = YES;
				GCC_OPTIMIZATION_LEVEL = 0;
				GCC_PREPROCESSOR_DEFINITIONS = (
					"DEBUG=1",
					"$(inherited)",
				);
				GCC_WARN_64_TO_32_BIT_CONVERSION = YES;
				GCC_WARN_ABOUT_RETURN_TYPE = YES_ERROR;
				GCC_WARN_UNDECLARED_SELECTOR = YES;
				GCC_WARN_UNINITIALIZED_AUTOS = YES_AGGRESSIVE;
				GCC_WARN_UNUSED_FUNCTION = YES;
				GCC_WARN_UNUSED_VARIABLE = YES;
				LOCALIZATION_PREFERS_STRING_CATALOGS = YES;
				MTL_ENABLE_DEBUG_INFO = INCLUDE_SOURCE;
				MTL_FAST_MATH = YES;
				ONLY_ACTIVE_ARCH = YES;
				SWIFT_ACTIVE_COMPILATION_CONDITIONS = "DEBUG $(inherited)";
				SWIFT_OPTIMIZATION_LEVEL = "-Onone";
			};
			name = Debug;
		};
		8477A3D22C7C497A00DA6080 /* Release */ = {
			isa = XCBuildConfiguration;
			buildSettings = {
				ALWAYS_SEARCH_USER_PATHS = NO;
				ASSETCATALOG_COMPILER_GENERATE_SWIFT_ASSET_SYMBOL_EXTENSIONS = YES;
				CLANG_ANALYZER_LOCALIZABILITY_NONLOCALIZED = YES;
				CLANG_ANALYZER_NONNULL = YES;
				CLANG_ANALYZER_NUMBER_OBJECT_CONVERSION = YES_AGGRESSIVE;
				CLANG_CXX_LANGUAGE_STANDARD = "gnu++20";
				CLANG_ENABLE_MODULES = YES;
				CLANG_ENABLE_OBJC_ARC = YES;
				CLANG_ENABLE_OBJC_WEAK = YES;
				CLANG_WARN_BLOCK_CAPTURE_AUTORELEASING = YES;
				CLANG_WARN_BOOL_CONVERSION = YES;
				CLANG_WARN_COMMA = YES;
				CLANG_WARN_CONSTANT_CONVERSION = YES;
				CLANG_WARN_DEPRECATED_OBJC_IMPLEMENTATIONS = YES;
				CLANG_WARN_DIRECT_OBJC_ISA_USAGE = YES_ERROR;
				CLANG_WARN_DOCUMENTATION_COMMENTS = YES;
				CLANG_WARN_EMPTY_BODY = YES;
				CLANG_WARN_ENUM_CONVERSION = YES;
				CLANG_WARN_INFINITE_RECURSION = YES;
				CLANG_WARN_INT_CONVERSION = YES;
				CLANG_WARN_NON_LITERAL_NULL_CONVERSION = YES;
				CLANG_WARN_OBJC_IMPLICIT_RETAIN_SELF = YES;
				CLANG_WARN_OBJC_LITERAL_CONVERSION = YES;
				CLANG_WARN_OBJC_ROOT_CLASS = YES_ERROR;
				CLANG_WARN_QUOTED_INCLUDE_IN_FRAMEWORK_HEADER = YES;
				CLANG_WARN_RANGE_LOOP_ANALYSIS = YES;
				CLANG_WARN_STRICT_PROTOTYPES = YES;
				CLANG_WARN_SUSPICIOUS_MOVE = YES;
				CLANG_WARN_UNGUARDED_AVAILABILITY = YES_AGGRESSIVE;
				CLANG_WARN_UNREACHABLE_CODE = YES;
				CLANG_WARN__DUPLICATE_METHOD_MATCH = YES;
				COPY_PHASE_STRIP = NO;
				DEBUG_INFORMATION_FORMAT = "dwarf-with-dsym";
				ENABLE_NS_ASSERTIONS = NO;
				ENABLE_STRICT_OBJC_MSGSEND = YES;
				ENABLE_USER_SCRIPT_SANDBOXING = YES;
				GCC_C_LANGUAGE_STANDARD = gnu17;
				GCC_NO_COMMON_BLOCKS = YES;
				GCC_WARN_64_TO_32_BIT_CONVERSION = YES;
				GCC_WARN_ABOUT_RETURN_TYPE = YES_ERROR;
				GCC_WARN_UNDECLARED_SELECTOR = YES;
				GCC_WARN_UNINITIALIZED_AUTOS = YES_AGGRESSIVE;
				GCC_WARN_UNUSED_FUNCTION = YES;
				GCC_WARN_UNUSED_VARIABLE = YES;
				LOCALIZATION_PREFERS_STRING_CATALOGS = YES;
				MTL_ENABLE_DEBUG_INFO = NO;
				MTL_FAST_MATH = YES;
				SWIFT_COMPILATION_MODE = wholemodule;
			};
			name = Release;
		};
		8477A3D42C7C497A00DA6080 /* Debug */ = {
			isa = XCBuildConfiguration;
			buildSettings = {
				ASSETCATALOG_COMPILER_APPICON_NAME = AppIcon;
				ASSETCATALOG_COMPILER_GLOBAL_ACCENT_COLOR_NAME = AccentColor;
				CODE_SIGN_ENTITLEMENTS = SwiftHandlerDemo/SwiftHandlerDemo.entitlements;
				CODE_SIGN_STYLE = Automatic;
				CURRENT_PROJECT_VERSION = 1;
				DEVELOPMENT_ASSET_PATHS = "\"SwiftHandlerDemo/Preview Content\"";
				DEVELOPMENT_TEAM = WGTAZF6C7D;
				ENABLE_HARDENED_RUNTIME = YES;
				ENABLE_PREVIEWS = YES;
				GENERATE_INFOPLIST_FILE = YES;
				"INFOPLIST_KEY_UIApplicationSceneManifest_Generation[sdk=iphoneos*]" = YES;
				"INFOPLIST_KEY_UIApplicationSceneManifest_Generation[sdk=iphonesimulator*]" = YES;
				"INFOPLIST_KEY_UIApplicationSupportsIndirectInputEvents[sdk=iphoneos*]" = YES;
				"INFOPLIST_KEY_UIApplicationSupportsIndirectInputEvents[sdk=iphonesimulator*]" = YES;
				"INFOPLIST_KEY_UILaunchScreen_Generation[sdk=iphoneos*]" = YES;
				"INFOPLIST_KEY_UILaunchScreen_Generation[sdk=iphonesimulator*]" = YES;
				"INFOPLIST_KEY_UIStatusBarStyle[sdk=iphoneos*]" = UIStatusBarStyleDefault;
				"INFOPLIST_KEY_UIStatusBarStyle[sdk=iphonesimulator*]" = UIStatusBarStyleDefault;
				INFOPLIST_KEY_UISupportedInterfaceOrientations_iPad = "UIInterfaceOrientationPortrait UIInterfaceOrientationPortraitUpsideDown UIInterfaceOrientationLandscapeLeft UIInterfaceOrientationLandscapeRight";
				INFOPLIST_KEY_UISupportedInterfaceOrientations_iPhone = "UIInterfaceOrientationPortrait UIInterfaceOrientationLandscapeLeft UIInterfaceOrientationLandscapeRight";
				IPHONEOS_DEPLOYMENT_TARGET = 17.5;
				LD_RUNPATH_SEARCH_PATHS = "@executable_path/Frameworks";
				"LD_RUNPATH_SEARCH_PATHS[sdk=macosx*]" = "@executable_path/../Frameworks";
				MACOSX_DEPLOYMENT_TARGET = 14.0;
				MARKETING_VERSION = 1.0;
				PRODUCT_BUNDLE_IDENTIFIER = com.liuhongli.SwiftHandlerDemo;
				PRODUCT_NAME = "$(TARGET_NAME)";
				SDKROOT = auto;
				SUPPORTED_PLATFORMS = "iphoneos iphonesimulator macosx";
				SWIFT_EMIT_LOC_STRINGS = YES;
				SWIFT_VERSION = 5.0;
				TARGETED_DEVICE_FAMILY = "1,2";
			};
			name = Debug;
		};
		8477A3D52C7C497A00DA6080 /* Release */ = {
			isa = XCBuildConfiguration;
			buildSettings = {
				ASSETCATALOG_COMPILER_APPICON_NAME = AppIcon;
				ASSETCATALOG_COMPILER_GLOBAL_ACCENT_COLOR_NAME = AccentColor;
				CODE_SIGN_ENTITLEMENTS = SwiftHandlerDemo/SwiftHandlerDemo.entitlements;
				CODE_SIGN_STYLE = Automatic;
				CURRENT_PROJECT_VERSION = 1;
				DEVELOPMENT_ASSET_PATHS = "\"SwiftHandlerDemo/Preview Content\"";
				DEVELOPMENT_TEAM = WGTAZF6C7D;
				ENABLE_HARDENED_RUNTIME = YES;
				ENABLE_PREVIEWS = YES;
				GENERATE_INFOPLIST_FILE = YES;
				"INFOPLIST_KEY_UIApplicationSceneManifest_Generation[sdk=iphoneos*]" = YES;
				"INFOPLIST_KEY_UIApplicationSceneManifest_Generation[sdk=iphonesimulator*]" = YES;
				"INFOPLIST_KEY_UIApplicationSupportsIndirectInputEvents[sdk=iphoneos*]" = YES;
				"INFOPLIST_KEY_UIApplicationSupportsIndirectInputEvents[sdk=iphonesimulator*]" = YES;
				"INFOPLIST_KEY_UILaunchScreen_Generation[sdk=iphoneos*]" = YES;
				"INFOPLIST_KEY_UILaunchScreen_Generation[sdk=iphonesimulator*]" = YES;
				"INFOPLIST_KEY_UIStatusBarStyle[sdk=iphoneos*]" = UIStatusBarStyleDefault;
				"INFOPLIST_KEY_UIStatusBarStyle[sdk=iphonesimulator*]" = UIStatusBarStyleDefault;
				INFOPLIST_KEY_UISupportedInterfaceOrientations_iPad = "UIInterfaceOrientationPortrait UIInterfaceOrientationPortraitUpsideDown UIInterfaceOrientationLandscapeLeft UIInterfaceOrientationLandscapeRight";
				INFOPLIST_KEY_UISupportedInterfaceOrientations_iPhone = "UIInterfaceOrientationPortrait UIInterfaceOrientationLandscapeLeft UIInterfaceOrientationLandscapeRight";
				IPHONEOS_DEPLOYMENT_TARGET = 17.5;
				LD_RUNPATH_SEARCH_PATHS = "@executable_path/Frameworks";
				"LD_RUNPATH_SEARCH_PATHS[sdk=macosx*]" = "@executable_path/../Frameworks";
				MACOSX_DEPLOYMENT_TARGET = 14.0;
				MARKETING_VERSION = 1.0;
				PRODUCT_BUNDLE_IDENTIFIER = com.liuhongli.SwiftHandlerDemo;
				PRODUCT_NAME = "$(TARGET_NAME)";
				SDKROOT = auto;
				SUPPORTED_PLATFORMS = "iphoneos iphonesimulator macosx";
				SWIFT_EMIT_LOC_STRINGS = YES;
				SWIFT_VERSION = 5.0;
				TARGETED_DEVICE_FAMILY = "1,2";
			};
			name = Release;
		};
		8477A3D72C7C497A00DA6080 /* Debug */ = {
			isa = XCBuildConfiguration;
			buildSettings = {
				ALWAYS_EMBED_SWIFT_STANDARD_LIBRARIES = YES;
				BUNDLE_LOADER = "$(TEST_HOST)";
				CODE_SIGN_STYLE = Automatic;
				CURRENT_PROJECT_VERSION = 1;
				DEVELOPMENT_TEAM = WGTAZF6C7D;
				GENERATE_INFOPLIST_FILE = YES;
				IPHONEOS_DEPLOYMENT_TARGET = 17.5;
				MACOSX_DEPLOYMENT_TARGET = 14.3;
				MARKETING_VERSION = 1.0;
				PRODUCT_BUNDLE_IDENTIFIER = com.liuhongli.SwiftHandlerDemoTests;
				PRODUCT_NAME = "$(TARGET_NAME)";
				SDKROOT = auto;
				SUPPORTED_PLATFORMS = "iphoneos iphonesimulator macosx";
				SWIFT_EMIT_LOC_STRINGS = NO;
				SWIFT_VERSION = 5.0;
				TARGETED_DEVICE_FAMILY = "1,2";
				TEST_HOST = "$(BUILT_PRODUCTS_DIR)/SwiftHandlerDemo.app/$(BUNDLE_EXECUTABLE_FOLDER_PATH)/SwiftHandlerDemo";
			};
			name = Debug;
		};
		8477A3D82C7C497A00DA6080 /* Release */ = {
			isa = XCBuildConfiguration;
			buildSettings = {
				ALWAYS_EMBED_SWIFT_STANDARD_LIBRARIES = YES;
				BUNDLE_LOADER = "$(TEST_HOST)";
				CODE_SIGN_STYLE = Automatic;
				CURRENT_PROJECT_VERSION = 1;
				DEVELOPMENT_TEAM = WGTAZF6C7D;
				GENERATE_INFOPLIST_FILE = YES;
				IPHONEOS_DEPLOYMENT_TARGET = 17.5;
				MACOSX_DEPLOYMENT_TARGET = 14.3;
				MARKETING_VERSION = 1.0;
				PRODUCT_BUNDLE_IDENTIFIER = com.liuhongli.SwiftHandlerDemoTests;
				PRODUCT_NAME = "$(TARGET_NAME)";
				SDKROOT = auto;
				SUPPORTED_PLATFORMS = "iphoneos iphonesimulator macosx";
				SWIFT_EMIT_LOC_STRINGS = NO;
				SWIFT_VERSION = 5.0;
				TARGETED_DEVICE_FAMILY = "1,2";
				TEST_HOST = "$(BUILT_PRODUCTS_DIR)/SwiftHandlerDemo.app/$(BUNDLE_EXECUTABLE_FOLDER_PATH)/SwiftHandlerDemo";
			};
			name = Release;
		};
		8477A3DA2C7C497A00DA6080 /* Debug */ = {
			isa = XCBuildConfiguration;
			buildSettings = {
				ALWAYS_EMBED_SWIFT_STANDARD_LIBRARIES = YES;
				CODE_SIGN_STYLE = Automatic;
				CURRENT_PROJECT_VERSION = 1;
				DEVELOPMENT_TEAM = WGTAZF6C7D;
				GENERATE_INFOPLIST_FILE = YES;
				IPHONEOS_DEPLOYMENT_TARGET = 17.5;
				MACOSX_DEPLOYMENT_TARGET = 14.3;
				MARKETING_VERSION = 1.0;
				PRODUCT_BUNDLE_IDENTIFIER = com.liuhongli.SwiftHandlerDemoUITests;
				PRODUCT_NAME = "$(TARGET_NAME)";
				SDKROOT = auto;
				SUPPORTED_PLATFORMS = "iphoneos iphonesimulator macosx";
				SWIFT_EMIT_LOC_STRINGS = NO;
				SWIFT_VERSION = 5.0;
				TARGETED_DEVICE_FAMILY = "1,2";
				TEST_TARGET_NAME = SwiftHandlerDemo;
			};
			name = Debug;
		};
		8477A3DB2C7C497A00DA6080 /* Release */ = {
			isa = XCBuildConfiguration;
			buildSettings = {
				ALWAYS_EMBED_SWIFT_STANDARD_LIBRARIES = YES;
				CODE_SIGN_STYLE = Automatic;
				CURRENT_PROJECT_VERSION = 1;
				DEVELOPMENT_TEAM = WGTAZF6C7D;
				GENERATE_INFOPLIST_FILE = YES;
				IPHONEOS_DEPLOYMENT_TARGET = 17.5;
				MACOSX_DEPLOYMENT_TARGET = 14.3;
				MARKETING_VERSION = 1.0;
				PRODUCT_BUNDLE_IDENTIFIER = com.liuhongli.SwiftHandlerDemoUITests;
				PRODUCT_NAME = "$(TARGET_NAME)";
				SDKROOT = auto;
				SUPPORTED_PLATFORMS = "iphoneos iphonesimulator macosx";
				SWIFT_EMIT_LOC_STRINGS = NO;
				SWIFT_VERSION = 5.0;
				TARGETED_DEVICE_FAMILY = "1,2";
				TEST_TARGET_NAME = SwiftHandlerDemo;
			};
			name = Release;
		};
/* End XCBuildConfiguration section */

/* Begin XCConfigurationList section */
		8477A3A72C7C497800DA6080 /* Build configuration list for PBXProject "SwiftHandlerDemo" */ = {
			isa = XCConfigurationList;
			buildConfigurations = (
				8477A3D12C7C497A00DA6080 /* Debug */,
				8477A3D22C7C497A00DA6080 /* Release */,
			);
			defaultConfigurationIsVisible = 0;
			defaultConfigurationName = Release;
		};
		8477A3D32C7C497A00DA6080 /* Build configuration list for PBXNativeTarget "SwiftHandlerDemo" */ = {
			isa = XCConfigurationList;
			buildConfigurations = (
				8477A3D42C7C497A00DA6080 /* Debug */,
				8477A3D52C7C497A00DA6080 /* Release */,
			);
			defaultConfigurationIsVisible = 0;
			defaultConfigurationName = Release;
		};
		8477A3D62C7C497A00DA6080 /* Build configuration list for PBXNativeTarget "SwiftHandlerDemoTests" */ = {
			isa = XCConfigurationList;
			buildConfigurations = (
				8477A3D72C7C497A00DA6080 /* Debug */,
				8477A3D82C7C497A00DA6080 /* Release */,
			);
			defaultConfigurationIsVisible = 0;
			defaultConfigurationName = Release;
		};
		8477A3D92C7C497A00DA6080 /* Build configuration list for PBXNativeTarget "SwiftHandlerDemoUITests" */ = {
			isa = XCConfigurationList;
			buildConfigurations = (
				8477A3DA2C7C497A00DA6080 /* Debug */,
				8477A3DB2C7C497A00DA6080 /* Release */,
			);
			defaultConfigurationIsVisible = 0;
			defaultConfigurationName = Release;
		};
/* End XCConfigurationList section */
	};
	rootObject = 8477A3A42C7C497800DA6080 /* Project object */;
}
